
Microsoft Visual Studio Solution File, Format Version 12.00
# Visual Studio Version 16
VisualStudioVersion = 16.0.31624.102
MinimumVisualStudioVersion = 10.0.40219.1
Project("{FAE04EC0-301F-11D3-BF4B-00C04F79EFBC}") = "Pendulum_KK", "Pendulum_KK\Pendulum_KK.csproj", "{34F546E7-0D83-471E-A069-3DC0DA9DDA43}"
EndProject
Global
	GlobalSection(SolutionConfigurationPlatforms) = preSolution
		Debug|Any CPU = Debug|Any CPU
		Release|Any CPU = Release|Any CPU
	EndGlobalSection
	GlobalSection(ProjectConfigurationPlatforms) = postSolution
		{34F546E7-0D83-471E-A069-3DC0DA9DDA43}.Debug|Any CPU.ActiveCfg = Debug|Any CPU
		{34F546E7-0D83-471E-A069-3DC0DA9DDA43}.Debug|Any CPU.Build.0 = Debug|Any CPU
		{34F546E7-0D83-471E-A069-3DC0DA9DDA43}.Release|Any CPU.ActiveCfg = Release|Any CPU
		{34F546E7-0D83-471E-A069-3DC0DA9DDA43}.Release|Any CPU.Build.0 = Release|Any CPU
	EndGlobalSection
	GlobalSection(SolutionProperties) = preSolution
		HideSolutionNode = FALSE
	EndGlobalSection
	GlobalSection(ExtensibilityGlobals) = postSolution
		SolutionGuid = {D4D01525-974C-4547-87DC-148D6613EE3D}
	EndGlobalSection
EndGlobal
